// !$*UTF8*$!
{
	archiveVersion = 1;
	classes = {
	};
	objectVersion = 50;
	objects = {

/* Begin PBXBuildFile section */
		BF96DCC8266CD76900C72775 /* AppDelegate.swift in Sources */ = {isa = PBXBuildFile; fileRef = BF96DCC7266CD76900C72775 /* AppDelegate.swift */; };
		BF96DCCA266CD76900C72775 /* SceneDelegate.swift in Sources */ = {isa = PBXBuildFile; fileRef = BF96DCC9266CD76900C72775 /* SceneDelegate.swift */; };
		BF96DCCC266CD76900C72775 /* FeedViewController.swift in Sources */ = {isa = PBXBuildFile; fileRef = BF96DCCB266CD76900C72775 /* FeedViewController.swift */; };
		BF96DCCF266CD76900C72775 /* Main.storyboard in Resources */ = {isa = PBXBuildFile; fileRef = BF96DCCD266CD76900C72775 /* Main.storyboard */; };
		BF96DCD1266CD76C00C72775 /* Assets.xcassets in Resources */ = {isa = PBXBuildFile; fileRef = BF96DCD0266CD76C00C72775 /* Assets.xcassets */; };
		BF96DCD4266CD76C00C72775 /* LaunchScreen.storyboard in Resources */ = {isa = PBXBuildFile; fileRef = BF96DCD2266CD76C00C72775 /* LaunchScreen.storyboard */; };
		BF96DCDF266CD76D00C72775 /* RedditClientTests.swift in Sources */ = {isa = PBXBuildFile; fileRef = BF96DCDE266CD76D00C72775 /* RedditClientTests.swift */; };
		BF96DCEA266CD76D00C72775 /* RedditClientUITests.swift in Sources */ = {isa = PBXBuildFile; fileRef = BF96DCE9266CD76D00C72775 /* RedditClientUITests.swift */; };
		BF96DCFD266CD8F000C72775 /* RedditServiceClient.swift in Sources */ = {isa = PBXBuildFile; fileRef = BF96DCFC266CD8F000C72775 /* RedditServiceClient.swift */; };
		BF96DD06266CD9B100C72775 /* ServiceResponse.swift in Sources */ = {isa = PBXBuildFile; fileRef = BF96DD05266CD9B100C72775 /* ServiceResponse.swift */; };
		BF96DD0E266CD9C900C72775 /* ServiceErrorResponse.swift in Sources */ = {isa = PBXBuildFile; fileRef = BF96DD0D266CD9C900C72775 /* ServiceErrorResponse.swift */; };
		BF96DD13266CDC5F00C72775 /* FacadeDataAccess.swift in Sources */ = {isa = PBXBuildFile; fileRef = BF96DD12266CDC5F00C72775 /* FacadeDataAccess.swift */; };
		BF96DD18266CDFA700C72775 /* Constants.swift in Sources */ = {isa = PBXBuildFile; fileRef = BF96DD17266CDFA700C72775 /* Constants.swift */; };
		BF96DD1E266CE1AC00C72775 /* RedditPostTableViewCell.swift in Sources */ = {isa = PBXBuildFile; fileRef = BF96DD1C266CE1AC00C72775 /* RedditPostTableViewCell.swift */; };
		BF96DD1F266CE1AC00C72775 /* RedditPostTableViewCell.xib in Resources */ = {isa = PBXBuildFile; fileRef = BF96DD1D266CE1AC00C72775 /* RedditPostTableViewCell.xib */; };
		BF96DD2A266CE47400C72775 /* DialogHelper.swift in Sources */ = {isa = PBXBuildFile; fileRef = BF96DD29266CE47400C72775 /* DialogHelper.swift */; };
		BF96DD30266CE58A00C72775 /* FeedViewModel.swift in Sources */ = {isa = PBXBuildFile; fileRef = BF96DD2F266CE58A00C72775 /* FeedViewModel.swift */; };
		BF96DD39266CEA2A00C72775 /* RedditPostViewModel.swift in Sources */ = {isa = PBXBuildFile; fileRef = BF96DD38266CEA2A00C72775 /* RedditPostViewModel.swift */; };
/* End PBXBuildFile section */

/* Begin PBXContainerItemProxy section */
		BF96DCDB266CD76D00C72775 /* PBXContainerItemProxy */ = {
			isa = PBXContainerItemProxy;
			containerPortal = BF96DCBC266CD76900C72775 /* Project object */;
			proxyType = 1;
			remoteGlobalIDString = BF96DCC3266CD76900C72775;
			remoteInfo = RedditClient;
		};
		BF96DCE6266CD76D00C72775 /* PBXContainerItemProxy */ = {
			isa = PBXContainerItemProxy;
			containerPortal = BF96DCBC266CD76900C72775 /* Project object */;
			proxyType = 1;
			remoteGlobalIDString = BF96DCC3266CD76900C72775;
			remoteInfo = RedditClient;
		};
/* End PBXContainerItemProxy section */

/* Begin PBXFileReference section */
		BF96DCC4266CD76900C72775 /* RedditClient.app */ = {isa = PBXFileReference; explicitFileType = wrapper.application; includeInIndex = 0; path = RedditClient.app; sourceTree = BUILT_PRODUCTS_DIR; };
		BF96DCC7266CD76900C72775 /* AppDelegate.swift */ = {isa = PBXFileReference; lastKnownFileType = sourcecode.swift; path = AppDelegate.swift; sourceTree = "<group>"; };
		BF96DCC9266CD76900C72775 /* SceneDelegate.swift */ = {isa = PBXFileReference; lastKnownFileType = sourcecode.swift; path = SceneDelegate.swift; sourceTree = "<group>"; };
		BF96DCCB266CD76900C72775 /* FeedViewController.swift */ = {isa = PBXFileReference; lastKnownFileType = sourcecode.swift; path = FeedViewController.swift; sourceTree = "<group>"; };
		BF96DCCE266CD76900C72775 /* Base */ = {isa = PBXFileReference; lastKnownFileType = file.storyboard; name = Base; path = Base.lproj/Main.storyboard; sourceTree = "<group>"; };
		BF96DCD0266CD76C00C72775 /* Assets.xcassets */ = {isa = PBXFileReference; lastKnownFileType = folder.assetcatalog; path = Assets.xcassets; sourceTree = "<group>"; };
		BF96DCD3266CD76C00C72775 /* Base */ = {isa = PBXFileReference; lastKnownFileType = file.storyboard; name = Base; path = Base.lproj/LaunchScreen.storyboard; sourceTree = "<group>"; };
		BF96DCD5266CD76C00C72775 /* Info.plist */ = {isa = PBXFileReference; lastKnownFileType = text.plist.xml; path = Info.plist; sourceTree = "<group>"; };
		BF96DCDA266CD76D00C72775 /* RedditClientTests.xctest */ = {isa = PBXFileReference; explicitFileType = wrapper.cfbundle; includeInIndex = 0; path = RedditClientTests.xctest; sourceTree = BUILT_PRODUCTS_DIR; };
		BF96DCDE266CD76D00C72775 /* RedditClientTests.swift */ = {isa = PBXFileReference; lastKnownFileType = sourcecode.swift; path = RedditClientTests.swift; sourceTree = "<group>"; };
		BF96DCE0266CD76D00C72775 /* Info.plist */ = {isa = PBXFileReference; lastKnownFileType = text.plist.xml; path = Info.plist; sourceTree = "<group>"; };
		BF96DCE5266CD76D00C72775 /* RedditClientUITests.xctest */ = {isa = PBXFileReference; explicitFileType = wrapper.cfbundle; includeInIndex = 0; path = RedditClientUITests.xctest; sourceTree = BUILT_PRODUCTS_DIR; };
		BF96DCE9266CD76D00C72775 /* RedditClientUITests.swift */ = {isa = PBXFileReference; lastKnownFileType = sourcecode.swift; path = RedditClientUITests.swift; sourceTree = "<group>"; };
		BF96DCEB266CD76D00C72775 /* Info.plist */ = {isa = PBXFileReference; lastKnownFileType = text.plist.xml; path = Info.plist; sourceTree = "<group>"; };
		BF96DCFC266CD8F000C72775 /* RedditServiceClient.swift */ = {isa = PBXFileReference; lastKnownFileType = sourcecode.swift; path = RedditServiceClient.swift; sourceTree = "<group>"; };
		BF96DD05266CD9B100C72775 /* ServiceResponse.swift */ = {isa = PBXFileReference; lastKnownFileType = sourcecode.swift; path = ServiceResponse.swift; sourceTree = "<group>"; };
		BF96DD0D266CD9C900C72775 /* ServiceErrorResponse.swift */ = {isa = PBXFileReference; lastKnownFileType = sourcecode.swift; path = ServiceErrorResponse.swift; sourceTree = "<group>"; };
		BF96DD12266CDC5F00C72775 /* FacadeDataAccess.swift */ = {isa = PBXFileReference; lastKnownFileType = sourcecode.swift; path = FacadeDataAccess.swift; sourceTree = "<group>"; };
		BF96DD17266CDFA700C72775 /* Constants.swift */ = {isa = PBXFileReference; lastKnownFileType = sourcecode.swift; path = Constants.swift; sourceTree = "<group>"; };
		BF96DD1C266CE1AC00C72775 /* RedditPostTableViewCell.swift */ = {isa = PBXFileReference; lastKnownFileType = sourcecode.swift; path = RedditPostTableViewCell.swift; sourceTree = "<group>"; };
		BF96DD1D266CE1AC00C72775 /* RedditPostTableViewCell.xib */ = {isa = PBXFileReference; lastKnownFileType = file.xib; path = RedditPostTableViewCell.xib; sourceTree = "<group>"; };
		BF96DD29266CE47400C72775 /* DialogHelper.swift */ = {isa = PBXFileReference; lastKnownFileType = sourcecode.swift; path = DialogHelper.swift; sourceTree = "<group>"; };
		BF96DD2F266CE58A00C72775 /* FeedViewModel.swift */ = {isa = PBXFileReference; lastKnownFileType = sourcecode.swift; path = FeedViewModel.swift; sourceTree = "<group>"; };
		BF96DD38266CEA2A00C72775 /* RedditPostViewModel.swift */ = {isa = PBXFileReference; lastKnownFileType = sourcecode.swift; path = RedditPostViewModel.swift; sourceTree = "<group>"; };
/* End PBXFileReference section */

/* Begin PBXFrameworksBuildPhase section */
		BF96DCC1266CD76900C72775 /* Frameworks */ = {
			isa = PBXFrameworksBuildPhase;
			buildActionMask = 2147483647;
			files = (
			);
			runOnlyForDeploymentPostprocessing = 0;
		};
		BF96DCD7266CD76C00C72775 /* Frameworks */ = {
			isa = PBXFrameworksBuildPhase;
			buildActionMask = 2147483647;
			files = (
			);
			runOnlyForDeploymentPostprocessing = 0;
		};
		BF96DCE2266CD76D00C72775 /* Frameworks */ = {
			isa = PBXFrameworksBuildPhase;
			buildActionMask = 2147483647;
			files = (
			);
			runOnlyForDeploymentPostprocessing = 0;
		};
/* End PBXFrameworksBuildPhase section */

/* Begin PBXGroup section */
		BF96DCBB266CD76900C72775 = {
			isa = PBXGroup;
			children = (
				BF96DCC6266CD76900C72775 /* RedditClient */,
				BF96DCDD266CD76D00C72775 /* RedditClientTests */,
				BF96DCE8266CD76D00C72775 /* RedditClientUITests */,
				BF96DCC5266CD76900C72775 /* Products */,
			);
			sourceTree = "<group>";
		};
		BF96DCC5266CD76900C72775 /* Products */ = {
			isa = PBXGroup;
			children = (
				BF96DCC4266CD76900C72775 /* RedditClient.app */,
				BF96DCDA266CD76D00C72775 /* RedditClientTests.xctest */,
				BF96DCE5266CD76D00C72775 /* RedditClientUITests.xctest */,
			);
			name = Products;
			sourceTree = "<group>";
		};
		BF96DCC6266CD76900C72775 /* RedditClient */ = {
			isa = PBXGroup;
			children = (
				BF96DD2E266CE56C00C72775 /* Feed */,
				BF96DD23266CE1E500C72775 /* Views */,
				BF96DCFA266CD8D200C72775 /* Data */,
				BF96DCC7266CD76900C72775 /* AppDelegate.swift */,
				BF96DCC9266CD76900C72775 /* SceneDelegate.swift */,
				BF96DCCD266CD76900C72775 /* Main.storyboard */,
				BF96DCD0266CD76C00C72775 /* Assets.xcassets */,
				BF96DCD2266CD76C00C72775 /* LaunchScreen.storyboard */,
				BF96DCD5266CD76C00C72775 /* Info.plist */,
			);
			path = RedditClient;
			sourceTree = "<group>";
		};
		BF96DCDD266CD76D00C72775 /* RedditClientTests */ = {
			isa = PBXGroup;
			children = (
				BF96DCDE266CD76D00C72775 /* RedditClientTests.swift */,
				BF96DCE0266CD76D00C72775 /* Info.plist */,
			);
			path = RedditClientTests;
			sourceTree = "<group>";
		};
		BF96DCE8266CD76D00C72775 /* RedditClientUITests */ = {
			isa = PBXGroup;
			children = (
				BF96DCE9266CD76D00C72775 /* RedditClientUITests.swift */,
				BF96DCEB266CD76D00C72775 /* Info.plist */,
			);
			path = RedditClientUITests;
			sourceTree = "<group>";
		};
		BF96DCFA266CD8D200C72775 /* Data */ = {
			isa = PBXGroup;
			children = (
				BF96DD04266CD9A000C72775 /* Models */,
				BF96DCFB266CD8D700C72775 /* ServiceClient */,
				BF96DD12266CDC5F00C72775 /* FacadeDataAccess.swift */,
				BF96DD17266CDFA700C72775 /* Constants.swift */,
			);
			path = Data;
			sourceTree = "<group>";
		};
		BF96DCFB266CD8D700C72775 /* ServiceClient */ = {
			isa = PBXGroup;
			children = (
				BF96DCFC266CD8F000C72775 /* RedditServiceClient.swift */,
			);
			path = ServiceClient;
			sourceTree = "<group>";
		};
		BF96DD04266CD9A000C72775 /* Models */ = {
			isa = PBXGroup;
			children = (
				BF96DD05266CD9B100C72775 /* ServiceResponse.swift */,
				BF96DD0D266CD9C900C72775 /* ServiceErrorResponse.swift */,
			);
			path = Models;
			sourceTree = "<group>";
		};
		BF96DD23266CE1E500C72775 /* Views */ = {
			isa = PBXGroup;
			children = (
				BF96DD37266CEA1100C72775 /* RedditPostCell */,
				BF96DD29266CE47400C72775 /* DialogHelper.swift */,
			);
			path = Views;
			sourceTree = "<group>";
		};
		BF96DD2E266CE56C00C72775 /* Feed */ = {
			isa = PBXGroup;
			children = (
				BF96DCCB266CD76900C72775 /* FeedViewController.swift */,
				BF96DD2F266CE58A00C72775 /* FeedViewModel.swift */,
			);
			path = Feed;
			sourceTree = "<group>";
		};
		BF96DD37266CEA1100C72775 /* RedditPostCell */ = {
			isa = PBXGroup;
			children = (
				BF96DD1C266CE1AC00C72775 /* RedditPostTableViewCell.swift */,
				BF96DD1D266CE1AC00C72775 /* RedditPostTableViewCell.xib */,
				BF96DD38266CEA2A00C72775 /* RedditPostViewModel.swift */,
			);
			path = RedditPostCell;
			sourceTree = "<group>";
		};
/* End PBXGroup section */

/* Begin PBXNativeTarget section */
		BF96DCC3266CD76900C72775 /* RedditClient */ = {
			isa = PBXNativeTarget;
			buildConfigurationList = BF96DCEE266CD76D00C72775 /* Build configuration list for PBXNativeTarget "RedditClient" */;
			buildPhases = (
				BF96DCC0266CD76900C72775 /* Sources */,
				BF96DCC1266CD76900C72775 /* Frameworks */,
				BF96DCC2266CD76900C72775 /* Resources */,
			);
			buildRules = (
			);
			dependencies = (
			);
			name = RedditClient;
			productName = RedditClient;
			productReference = BF96DCC4266CD76900C72775 /* RedditClient.app */;
			productType = "com.apple.product-type.application";
		};
		BF96DCD9266CD76C00C72775 /* RedditClientTests */ = {
			isa = PBXNativeTarget;
			buildConfigurationList = BF96DCF1266CD76D00C72775 /* Build configuration list for PBXNativeTarget "RedditClientTests" */;
			buildPhases = (
				BF96DCD6266CD76C00C72775 /* Sources */,
				BF96DCD7266CD76C00C72775 /* Frameworks */,
				BF96DCD8266CD76C00C72775 /* Resources */,
			);
			buildRules = (
			);
			dependencies = (
				BF96DCDC266CD76D00C72775 /* PBXTargetDependency */,
			);
			name = RedditClientTests;
			productName = RedditClientTests;
			productReference = BF96DCDA266CD76D00C72775 /* RedditClientTests.xctest */;
			productType = "com.apple.product-type.bundle.unit-test";
		};
		BF96DCE4266CD76D00C72775 /* RedditClientUITests */ = {
			isa = PBXNativeTarget;
			buildConfigurationList = BF96DCF4266CD76D00C72775 /* Build configuration list for PBXNativeTarget "RedditClientUITests" */;
			buildPhases = (
				BF96DCE1266CD76D00C72775 /* Sources */,
				BF96DCE2266CD76D00C72775 /* Frameworks */,
				BF96DCE3266CD76D00C72775 /* Resources */,
			);
			buildRules = (
			);
			dependencies = (
				BF96DCE7266CD76D00C72775 /* PBXTargetDependency */,
			);
			name = RedditClientUITests;
			productName = RedditClientUITests;
			productReference = BF96DCE5266CD76D00C72775 /* RedditClientUITests.xctest */;
			productType = "com.apple.product-type.bundle.ui-testing";
		};
/* End PBXNativeTarget section */

/* Begin PBXProject section */
		BF96DCBC266CD76900C72775 /* Project object */ = {
			isa = PBXProject;
			attributes = {
				LastSwiftUpdateCheck = 1200;
				LastUpgradeCheck = 1200;
				TargetAttributes = {
					BF96DCC3266CD76900C72775 = {
						CreatedOnToolsVersion = 12.0;
					};
					BF96DCD9266CD76C00C72775 = {
						CreatedOnToolsVersion = 12.0;
						TestTargetID = BF96DCC3266CD76900C72775;
					};
					BF96DCE4266CD76D00C72775 = {
						CreatedOnToolsVersion = 12.0;
						TestTargetID = BF96DCC3266CD76900C72775;
					};
				};
			};
			buildConfigurationList = BF96DCBF266CD76900C72775 /* Build configuration list for PBXProject "RedditClient" */;
			compatibilityVersion = "Xcode 9.3";
			developmentRegion = en;
			hasScannedForEncodings = 0;
			knownRegions = (
				en,
				Base,
			);
			mainGroup = BF96DCBB266CD76900C72775;
			productRefGroup = BF96DCC5266CD76900C72775 /* Products */;
			projectDirPath = "";
			projectRoot = "";
			targets = (
				BF96DCC3266CD76900C72775 /* RedditClient */,
				BF96DCD9266CD76C00C72775 /* RedditClientTests */,
				BF96DCE4266CD76D00C72775 /* RedditClientUITests */,
			);
		};
/* End PBXProject section */

/* Begin PBXResourcesBuildPhase section */
		BF96DCC2266CD76900C72775 /* Resources */ = {
			isa = PBXResourcesBuildPhase;
			buildActionMask = 2147483647;
			files = (
				BF96DCD4266CD76C00C72775 /* LaunchScreen.storyboard in Resources */,
				BF96DD1F266CE1AC00C72775 /* RedditPostTableViewCell.xib in Resources */,
				BF96DCD1266CD76C00C72775 /* Assets.xcassets in Resources */,
				BF96DCCF266CD76900C72775 /* Main.storyboard in Resources */,
			);
			runOnlyForDeploymentPostprocessing = 0;
		};
		BF96DCD8266CD76C00C72775 /* Resources */ = {
			isa = PBXResourcesBuildPhase;
			buildActionMask = 2147483647;
			files = (
			);
			runOnlyForDeploymentPostprocessing = 0;
		};
		BF96DCE3266CD76D00C72775 /* Resources */ = {
			isa = PBXResourcesBuildPhase;
			buildActionMask = 2147483647;
			files = (
			);
			runOnlyForDeploymentPostprocessing = 0;
		};
/* End PBXResourcesBuildPhase section */

/* Begin PBXSourcesBuildPhase section */
		BF96DCC0266CD76900C72775 /* Sources */ = {
			isa = PBXSourcesBuildPhase;
			buildActionMask = 2147483647;
			files = (
				BF96DCFD266CD8F000C72775 /* RedditServiceClient.swift in Sources */,
				BF96DD0E266CD9C900C72775 /* ServiceErrorResponse.swift in Sources */,
				BF96DCCC266CD76900C72775 /* FeedViewController.swift in Sources */,
				BF96DCC8266CD76900C72775 /* AppDelegate.swift in Sources */,
				BF96DD06266CD9B100C72775 /* ServiceResponse.swift in Sources */,
				BF96DD30266CE58A00C72775 /* FeedViewModel.swift in Sources */,
				BF96DD39266CEA2A00C72775 /* RedditPostViewModel.swift in Sources */,
				BF96DCCA266CD76900C72775 /* SceneDelegate.swift in Sources */,
				BF96DD13266CDC5F00C72775 /* FacadeDataAccess.swift in Sources */,
				BF96DD2A266CE47400C72775 /* DialogHelper.swift in Sources */,
				BF96DD1E266CE1AC00C72775 /* RedditPostTableViewCell.swift in Sources */,
				BF96DD18266CDFA700C72775 /* Constants.swift in Sources */,
			);
			runOnlyForDeploymentPostprocessing = 0;
		};
		BF96DCD6266CD76C00C72775 /* Sources */ = {
			isa = PBXSourcesBuildPhase;
			buildActionMask = 2147483647;
			files = (
				BF96DCDF266CD76D00C72775 /* RedditClientTests.swift in Sources */,
			);
			runOnlyForDeploymentPostprocessing = 0;
		};
		BF96DCE1266CD76D00C72775 /* Sources */ = {
			isa = PBXSourcesBuildPhase;
			buildActionMask = 2147483647;
			files = (
				BF96DCEA266CD76D00C72775 /* RedditClientUITests.swift in Sources */,
			);
			runOnlyForDeploymentPostprocessing = 0;
		};
/* End PBXSourcesBuildPhase section */

/* Begin PBXTargetDependency section */
		BF96DCDC266CD76D00C72775 /* PBXTargetDependency */ = {
			isa = PBXTargetDependency;
			target = BF96DCC3266CD76900C72775 /* RedditClient */;
			targetProxy = BF96DCDB266CD76D00C72775 /* PBXContainerItemProxy */;
		};
		BF96DCE7266CD76D00C72775 /* PBXTargetDependency */ = {
			isa = PBXTargetDependency;
			target = BF96DCC3266CD76900C72775 /* RedditClient */;
			targetProxy = BF96DCE6266CD76D00C72775 /* PBXContainerItemProxy */;
		};
/* End PBXTargetDependency section */

/* Begin PBXVariantGroup section */
		BF96DCCD266CD76900C72775 /* Main.storyboard */ = {
			isa = PBXVariantGroup;
			children = (
				BF96DCCE266CD76900C72775 /* Base */,
			);
			name = Main.storyboard;
			sourceTree = "<group>";
		};
		BF96DCD2266CD76C00C72775 /* LaunchScreen.storyboard */ = {
			isa = PBXVariantGroup;
			children = (
				BF96DCD3266CD76C00C72775 /* Base */,
			);
			name = LaunchScreen.storyboard;
			sourceTree = "<group>";
		};
/* End PBXVariantGroup section */

/* Begin XCBuildConfiguration section */
		BF96DCEC266CD76D00C72775 /* Debug */ = {
			isa = XCBuildConfiguration;
			buildSettings = {
				ALWAYS_SEARCH_USER_PATHS = NO;
				CLANG_ANALYZER_NONNULL = YES;
				CLANG_ANALYZER_NUMBER_OBJECT_CONVERSION = YES_AGGRESSIVE;
				CLANG_CXX_LANGUAGE_STANDARD = "gnu++14";
				CLANG_CXX_LIBRARY = "libc++";
				CLANG_ENABLE_MODULES = YES;
				CLANG_ENABLE_OBJC_ARC = YES;
				CLANG_ENABLE_OBJC_WEAK = YES;
				CLANG_WARN_BLOCK_CAPTURE_AUTORELEASING = YES;
				CLANG_WARN_BOOL_CONVERSION = YES;
				CLANG_WARN_COMMA = YES;
				CLANG_WARN_CONSTANT_CONVERSION = YES;
				CLANG_WARN_DEPRECATED_OBJC_IMPLEMENTATIONS = YES;
				CLANG_WARN_DIRECT_OBJC_ISA_USAGE = YES_ERROR;
				CLANG_WARN_DOCUMENTATION_COMMENTS = YES;
				CLANG_WARN_EMPTY_BODY = YES;
				CLANG_WARN_ENUM_CONVERSION = YES;
				CLANG_WARN_INFINITE_RECURSION = YES;
				CLANG_WARN_INT_CONVERSION = YES;
				CLANG_WARN_NON_LITERAL_NULL_CONVERSION = YES;
				CLANG_WARN_OBJC_IMPLICIT_RETAIN_SELF = YES;
				CLANG_WARN_OBJC_LITERAL_CONVERSION = YES;
				CLANG_WARN_OBJC_ROOT_CLASS = YES_ERROR;
				CLANG_WARN_QUOTED_INCLUDE_IN_FRAMEWORK_HEADER = YES;
				CLANG_WARN_RANGE_LOOP_ANALYSIS = YES;
				CLANG_WARN_STRICT_PROTOTYPES = YES;
				CLANG_WARN_SUSPICIOUS_MOVE = YES;
				CLANG_WARN_UNGUARDED_AVAILABILITY = YES_AGGRESSIVE;
				CLANG_WARN_UNREACHABLE_CODE = YES;
				CLANG_WARN__DUPLICATE_METHOD_MATCH = YES;
				COPY_PHASE_STRIP = NO;
				DEBUG_INFORMATION_FORMAT = dwarf;
				ENABLE_STRICT_OBJC_MSGSEND = YES;
				ENABLE_TESTABILITY = YES;
				GCC_C_LANGUAGE_STANDARD = gnu11;
				GCC_DYNAMIC_NO_PIC = NO;
				GCC_NO_COMMON_BLOCKS = YES;
				GCC_OPTIMIZATION_LEVEL = 0;
				GCC_PREPROCESSOR_DEFINITIONS = (
					"DEBUG=1",
					"$(inherited)",
				);
				GCC_WARN_64_TO_32_BIT_CONVERSION = YES;
				GCC_WARN_ABOUT_RETURN_TYPE = YES_ERROR;
				GCC_WARN_UNDECLARED_SELECTOR = YES;
				GCC_WARN_UNINITIALIZED_AUTOS = YES_AGGRESSIVE;
				GCC_WARN_UNUSED_FUNCTION = YES;
				GCC_WARN_UNUSED_VARIABLE = YES;
				IPHONEOS_DEPLOYMENT_TARGET = 14.0;
				MTL_ENABLE_DEBUG_INFO = INCLUDE_SOURCE;
				MTL_FAST_MATH = YES;
				ONLY_ACTIVE_ARCH = YES;
				SDKROOT = iphoneos;
				SWIFT_ACTIVE_COMPILATION_CONDITIONS = DEBUG;
				SWIFT_OPTIMIZATION_LEVEL = "-Onone";
			};
			name = Debug;
		};
		BF96DCED266CD76D00C72775 /* Release */ = {
			isa = XCBuildConfiguration;
			buildSettings = {
				ALWAYS_SEARCH_USER_PATHS = NO;
				CLANG_ANALYZER_NONNULL = YES;
				CLANG_ANALYZER_NUMBER_OBJECT_CONVERSION = YES_AGGRESSIVE;
				CLANG_CXX_LANGUAGE_STANDARD = "gnu++14";
				CLANG_CXX_LIBRARY = "libc++";
				CLANG_ENABLE_MODULES = YES;
				CLANG_ENABLE_OBJC_ARC = YES;
				CLANG_ENABLE_OBJC_WEAK = YES;
				CLANG_WARN_BLOCK_CAPTURE_AUTORELEASING = YES;
				CLANG_WARN_BOOL_CONVERSION = YES;
				CLANG_WARN_COMMA = YES;
				CLANG_WARN_CONSTANT_CONVERSION = YES;
				CLANG_WARN_DEPRECATED_OBJC_IMPLEMENTATIONS = YES;
				CLANG_WARN_DIRECT_OBJC_ISA_USAGE = YES_ERROR;
				CLANG_WARN_DOCUMENTATION_COMMENTS = YES;
				CLANG_WARN_EMPTY_BODY = YES;
				CLANG_WARN_ENUM_CONVERSION = YES;
				CLANG_WARN_INFINITE_RECURSION = YES;
				CLANG_WARN_INT_CONVERSION = YES;
				CLANG_WARN_NON_LITERAL_NULL_CONVERSION = YES;
				CLANG_WARN_OBJC_IMPLICIT_RETAIN_SELF = YES;
				CLANG_WARN_OBJC_LITERAL_CONVERSION = YES;
				CLANG_WARN_OBJC_ROOT_CLASS = YES_ERROR;
				CLANG_WARN_QUOTED_INCLUDE_IN_FRAMEWORK_HEADER = YES;
				CLANG_WARN_RANGE_LOOP_ANALYSIS = YES;
				CLANG_WARN_STRICT_PROTOTYPES = YES;
				CLANG_WARN_SUSPICIOUS_MOVE = YES;
				CLANG_WARN_UNGUARDED_AVAILABILITY = YES_AGGRESSIVE;
				CLANG_WARN_UNREACHABLE_CODE = YES;
				CLANG_WARN__DUPLICATE_METHOD_MATCH = YES;
				COPY_PHASE_STRIP = NO;
				DEBUG_INFORMATION_FORMAT = "dwarf-with-dsym";
				ENABLE_NS_ASSERTIONS = NO;
				ENABLE_STRICT_OBJC_MSGSEND = YES;
				GCC_C_LANGUAGE_STANDARD = gnu11;
				GCC_NO_COMMON_BLOCKS = YES;
				GCC_WARN_64_TO_32_BIT_CONVERSION = YES;
				GCC_WARN_ABOUT_RETURN_TYPE = YES_ERROR;
				GCC_WARN_UNDECLARED_SELECTOR = YES;
				GCC_WARN_UNINITIALIZED_AUTOS = YES_AGGRESSIVE;
				GCC_WARN_UNUSED_FUNCTION = YES;
				GCC_WARN_UNUSED_VARIABLE = YES;
				IPHONEOS_DEPLOYMENT_TARGET = 14.0;
				MTL_ENABLE_DEBUG_INFO = NO;
				MTL_FAST_MATH = YES;
				SDKROOT = iphoneos;
				SWIFT_COMPILATION_MODE = wholemodule;
				SWIFT_OPTIMIZATION_LEVEL = "-O";
				VALIDATE_PRODUCT = YES;
			};
			name = Release;
		};
		BF96DCEF266CD76D00C72775 /* Debug */ = {
			isa = XCBuildConfiguration;
			buildSettings = {
				ASSETCATALOG_COMPILER_APPICON_NAME = AppIcon;
				ASSETCATALOG_COMPILER_GLOBAL_ACCENT_COLOR_NAME = AccentColor;
				CODE_SIGN_STYLE = Automatic;
				DEVELOPMENT_TEAM = C6QZ6SJB3K;
				INFOPLIST_FILE = RedditClient/Info.plist;
				LD_RUNPATH_SEARCH_PATHS = (
					"$(inherited)",
					"@executable_path/Frameworks",
				);
				PRODUCT_BUNDLE_IDENTIFIER = net.nightdeveloper.RedditClient;
				PRODUCT_NAME = "$(TARGET_NAME)";
				SWIFT_VERSION = 5.0;
				TARGETED_DEVICE_FAMILY = "1,2";
			};
			name = Debug;
		};
		BF96DCF0266CD76D00C72775 /* Release */ = {
			isa = XCBuildConfiguration;
			buildSettings = {
				ASSETCATALOG_COMPILER_APPICON_NAME = AppIcon;
				ASSETCATALOG_COMPILER_GLOBAL_ACCENT_COLOR_NAME = AccentColor;
				CODE_SIGN_STYLE = Automatic;
				DEVELOPMENT_TEAM = C6QZ6SJB3K;
				INFOPLIST_FILE = RedditClient/Info.plist;
				LD_RUNPATH_SEARCH_PATHS = (
					"$(inherited)",
					"@executable_path/Frameworks",
				);
				PRODUCT_BUNDLE_IDENTIFIER = net.nightdeveloper.RedditClient;
				PRODUCT_NAME = "$(TARGET_NAME)";
				SWIFT_VERSION = 5.0;
				TARGETED_DEVICE_FAMILY = "1,2";
			};
			name = Release;
		};
		BF96DCF2266CD76D00C72775 /* Debug */ = {
			isa = XCBuildConfiguration;
			buildSettings = {
				ALWAYS_EMBED_SWIFT_STANDARD_LIBRARIES = YES;
				BUNDLE_LOADER = "$(TEST_HOST)";
				CODE_SIGN_STYLE = Automatic;
				DEVELOPMENT_TEAM = C6QZ6SJB3K;
				INFOPLIST_FILE = RedditClientTests/Info.plist;
				IPHONEOS_DEPLOYMENT_TARGET = 14.0;
				LD_RUNPATH_SEARCH_PATHS = (
					"$(inherited)",
					"@executable_path/Frameworks",
					"@loader_path/Frameworks",
				);
				PRODUCT_BUNDLE_IDENTIFIER = net.nightdeveloper.RedditClientTests;
				PRODUCT_NAME = "$(TARGET_NAME)";
				SWIFT_VERSION = 5.0;
				TARGETED_DEVICE_FAMILY = "1,2";
				TEST_HOST = "$(BUILT_PRODUCTS_DIR)/RedditClient.app/RedditClient";
			};
			name = Debug;
		};
		BF96DCF3266CD76D00C72775 /* Release */ = {
			isa = XCBuildConfiguration;
			buildSettings = {
				ALWAYS_EMBED_SWIFT_STANDARD_LIBRARIES = YES;
				BUNDLE_LOADER = "$(TEST_HOST)";
				CODE_SIGN_STYLE = Automatic;
				DEVELOPMENT_TEAM = C6QZ6SJB3K;
				INFOPLIST_FILE = RedditClientTests/Info.plist;
				IPHONEOS_DEPLOYMENT_TARGET = 14.0;
				LD_RUNPATH_SEARCH_PATHS = (
					"$(inherited)",
					"@executable_path/Frameworks",
					"@loader_path/Frameworks",
				);
				PRODUCT_BUNDLE_IDENTIFIER = net.nightdeveloper.RedditClientTests;
				PRODUCT_NAME = "$(TARGET_NAME)";
				SWIFT_VERSION = 5.0;
				TARGETED_DEVICE_FAMILY = "1,2";
				TEST_HOST = "$(BUILT_PRODUCTS_DIR)/RedditClient.app/RedditClient";
			};
			name = Release;
		};
		BF96DCF5266CD76D00C72775 /* Debug */ = {
			isa = XCBuildConfiguration;
			buildSettings = {
				ALWAYS_EMBED_SWIFT_STANDARD_LIBRARIES = YES;
				CODE_SIGN_STYLE = Automatic;
				DEVELOPMENT_TEAM = C6QZ6SJB3K;
				INFOPLIST_FILE = RedditClientUITests/Info.plist;
				LD_RUNPATH_SEARCH_PATHS = (
					"$(inherited)",
					"@executable_path/Frameworks",
					"@loader_path/Frameworks",
				);
				PRODUCT_BUNDLE_IDENTIFIER = net.nightdeveloper.RedditClientUITests;
				PRODUCT_NAME = "$(TARGET_NAME)";
				SWIFT_VERSION = 5.0;
				TARGETED_DEVICE_FAMILY = "1,2";
				TEST_TARGET_NAME = RedditClient;
			};
			name = Debug;
		};
		BF96DCF6266CD76D00C72775 /* Release */ = {
			isa = XCBuildConfiguration;
			buildSettings = {
				ALWAYS_EMBED_SWIFT_STANDARD_LIBRARIES = YES;
				CODE_SIGN_STYLE = Automatic;
				DEVELOPMENT_TEAM = C6QZ6SJB3K;
				INFOPLIST_FILE = RedditClientUITests/Info.plist;
				LD_RUNPATH_SEARCH_PATHS = (
					"$(inherited)",
					"@executable_path/Frameworks",
					"@loader_path/Frameworks",
				);
				PRODUCT_BUNDLE_IDENTIFIER = net.nightdeveloper.RedditClientUITests;
				PRODUCT_NAME = "$(TARGET_NAME)";
				SWIFT_VERSION = 5.0;
				TARGETED_DEVICE_FAMILY = "1,2";
				TEST_TARGET_NAME = RedditClient;
			};
			name = Release;
		};
/* End XCBuildConfiguration section */

/* Begin XCConfigurationList section */
		BF96DCBF266CD76900C72775 /* Build configuration list for PBXProject "RedditClient" */ = {
			isa = XCConfigurationList;
			buildConfigurations = (
				BF96DCEC266CD76D00C72775 /* Debug */,
				BF96DCED266CD76D00C72775 /* Release */,
			);
			defaultConfigurationIsVisible = 0;
			defaultConfigurationName = Release;
		};
		BF96DCEE266CD76D00C72775 /* Build configuration list for PBXNativeTarget "RedditClient" */ = {
			isa = XCConfigurationList;
			buildConfigurations = (
				BF96DCEF266CD76D00C72775 /* Debug */,
				BF96DCF0266CD76D00C72775 /* Release */,
			);
			defaultConfigurationIsVisible = 0;
			defaultConfigurationName = Release;
		};
		BF96DCF1266CD76D00C72775 /* Build configuration list for PBXNativeTarget "RedditClientTests" */ = {
			isa = XCConfigurationList;
			buildConfigurations = (
				BF96DCF2266CD76D00C72775 /* Debug */,
				BF96DCF3266CD76D00C72775 /* Release */,
			);
			defaultConfigurationIsVisible = 0;
			defaultConfigurationName = Release;
		};
		BF96DCF4266CD76D00C72775 /* Build configuration list for PBXNativeTarget "RedditClientUITests" */ = {
			isa = XCConfigurationList;
			buildConfigurations = (
				BF96DCF5266CD76D00C72775 /* Debug */,
				BF96DCF6266CD76D00C72775 /* Release */,
			);
			defaultConfigurationIsVisible = 0;
			defaultConfigurationName = Release;
		};
/* End XCConfigurationList section */
	};
	rootObject = BF96DCBC266CD76900C72775 /* Project object */;
}
